
Microsoft Visual Studio Solution File, Format Version 12.00
# Visual Studio 15
VisualStudioVersion = 15.0.26124.0
MinimumVisualStudioVersion = 15.0.26124.0
Project("{2150E333-8FDC-42A3-9474-1A3956D46DE8}") = "src", "src", "{52C099BB-A4FB-4F41-8350-3782BD4748E9}"
EndProject
Project("{2150E333-8FDC-42A3-9474-1A3956D46DE8}") = "Services", "Services", "{FC8A073B-7E9D-4896-9BB4-A5CA0AF2F980}"
EndProject
Project("{2150E333-8FDC-42A3-9474-1A3956D46DE8}") = "Catalago", "Catalago", "{CB95A4C9-0F94-4C6D-8557-C38AF4FAAB1D}"
EndProject
Project("{FAE04EC0-301F-11D3-BF4B-00C04F79EFBC}") = "Catalago.Api", "src\Services\Catalago\Catalago.Api\Catalago.Api.csproj", "{A6F8F069-43B8-4A91-BA09-F633CDDF457E}"
EndProject
Global
	GlobalSection(SolutionConfigurationPlatforms) = preSolution
		Debug|Any CPU = Debug|Any CPU
		Debug|x64 = Debug|x64
		Debug|x86 = Debug|x86
		Release|Any CPU = Release|Any CPU
		Release|x64 = Release|x64
		Release|x86 = Release|x86
	EndGlobalSection
	GlobalSection(SolutionProperties) = preSolution
		HideSolutionNode = FALSE
	EndGlobalSection
	GlobalSection(ProjectConfigurationPlatforms) = postSolution
		{A6F8F069-43B8-4A91-BA09-F633CDDF457E}.Debug|Any CPU.ActiveCfg = Debug|Any CPU
		{A6F8F069-43B8-4A91-BA09-F633CDDF457E}.Debug|Any CPU.Build.0 = Debug|Any CPU
		{A6F8F069-43B8-4A91-BA09-F633CDDF457E}.Debug|x64.ActiveCfg = Debug|Any CPU
		{A6F8F069-43B8-4A91-BA09-F633CDDF457E}.Debug|x64.Build.0 = Debug|Any CPU
		{A6F8F069-43B8-4A91-BA09-F633CDDF457E}.Debug|x86.ActiveCfg = Debug|Any CPU
		{A6F8F069-43B8-4A91-BA09-F633CDDF457E}.Debug|x86.Build.0 = Debug|Any CPU
		{A6F8F069-43B8-4A91-BA09-F633CDDF457E}.Release|Any CPU.ActiveCfg = Release|Any CPU
		{A6F8F069-43B8-4A91-BA09-F633CDDF457E}.Release|Any CPU.Build.0 = Release|Any CPU
		{A6F8F069-43B8-4A91-BA09-F633CDDF457E}.Release|x64.ActiveCfg = Release|Any CPU
		{A6F8F069-43B8-4A91-BA09-F633CDDF457E}.Release|x64.Build.0 = Release|Any CPU
		{A6F8F069-43B8-4A91-BA09-F633CDDF457E}.Release|x86.ActiveCfg = Release|Any CPU
		{A6F8F069-43B8-4A91-BA09-F633CDDF457E}.Release|x86.Build.0 = Release|Any CPU
	EndGlobalSection
	GlobalSection(NestedProjects) = preSolution
		{FC8A073B-7E9D-4896-9BB4-A5CA0AF2F980} = {52C099BB-A4FB-4F41-8350-3782BD4748E9}
		{CB95A4C9-0F94-4C6D-8557-C38AF4FAAB1D} = {FC8A073B-7E9D-4896-9BB4-A5CA0AF2F980}
		{A6F8F069-43B8-4A91-BA09-F633CDDF457E} = {CB95A4C9-0F94-4C6D-8557-C38AF4FAAB1D}
	EndGlobalSection
EndGlobal
